// !$*UTF8*$!
{
	archiveVersion = 1;
	classes = {
	};
	objectVersion = 46;
	objects = {

/* Begin PBXBuildFile section */
		A3FEBE321B48D7C4004AE3E1 /* main.m in Sources */ = {isa = PBXBuildFile; fileRef = A3FEBE311B48D7C4004AE3E1 /* main.m */; };
		A3FEBE351B48D7C4004AE3E1 /* AppDelegate.m in Sources */ = {isa = PBXBuildFile; fileRef = A3FEBE341B48D7C4004AE3E1 /* AppDelegate.m */; };
		A3FEBE381B48D7C4004AE3E1 /* ViewController.m in Sources */ = {isa = PBXBuildFile; fileRef = A3FEBE371B48D7C4004AE3E1 /* ViewController.m */; };
		A3FEBE3B1B48D7C4004AE3E1 /* Main.storyboard in Resources */ = {isa = PBXBuildFile; fileRef = A3FEBE391B48D7C4004AE3E1 /* Main.storyboard */; };
		A3FEBE3D1B48D7C4004AE3E1 /* Images.xcassets in Resources */ = {isa = PBXBuildFile; fileRef = A3FEBE3C1B48D7C4004AE3E1 /* Images.xcassets */; };
		A3FEBE401B48D7C4004AE3E1 /* LaunchScreen.xib in Resources */ = {isa = PBXBuildFile; fileRef = A3FEBE3E1B48D7C4004AE3E1 /* LaunchScreen.xib */; };
		A3FEBE4C1B48D7C4004AE3E1 /* RYFTopBarDemoTests.m in Sources */ = {isa = PBXBuildFile; fileRef = A3FEBE4B1B48D7C4004AE3E1 /* RYFTopBarDemoTests.m */; };
		A3FEBE581B48D93C004AE3E1 /* RYFTopBar.m in Sources */ = {isa = PBXBuildFile; fileRef = A3FEBE571B48D93C004AE3E1 /* RYFTopBar.m */; };
		A3FEBE5C1B48EA2A004AE3E1 /* FirstViewController.m in Sources */ = {isa = PBXBuildFile; fileRef = A3FEBE5B1B48EA2A004AE3E1 /* FirstViewController.m */; };
		A3FEBE5F1B48EA48004AE3E1 /* SecondViewController.m in Sources */ = {isa = PBXBuildFile; fileRef = A3FEBE5E1B48EA48004AE3E1 /* SecondViewController.m */; };
		A3FEBE621B48EA52004AE3E1 /* ThirdViewController.m in Sources */ = {isa = PBXBuildFile; fileRef = A3FEBE611B48EA52004AE3E1 /* ThirdViewController.m */; };
		A3FEBE651B48EA61004AE3E1 /* FourthViewController.m in Sources */ = {isa = PBXBuildFile; fileRef = A3FEBE641B48EA61004AE3E1 /* FourthViewController.m */; };
		A3FEBE681B48EA7C004AE3E1 /* FifthViewController.m in Sources */ = {isa = PBXBuildFile; fileRef = A3FEBE671B48EA7C004AE3E1 /* FifthViewController.m */; };
		A3FEBE6B1B48EA86004AE3E1 /* SixViewController.m in Sources */ = {isa = PBXBuildFile; fileRef = A3FEBE6A1B48EA86004AE3E1 /* SixViewController.m */; };
		A3FEBE6E1B48EA90004AE3E1 /* SevenViewController.m in Sources */ = {isa = PBXBuildFile; fileRef = A3FEBE6D1B48EA90004AE3E1 /* SevenViewController.m */; };
/* End PBXBuildFile section */

/* Begin PBXContainerItemProxy section */
		A3FEBE461B48D7C4004AE3E1 /* PBXContainerItemProxy */ = {
			isa = PBXContainerItemProxy;
			containerPortal = A3FEBE241B48D7C4004AE3E1 /* Project object */;
			proxyType = 1;
			remoteGlobalIDString = A3FEBE2B1B48D7C4004AE3E1;
			remoteInfo = RYFTopBarDemo;
		};
/* End PBXContainerItemProxy section */

/* Begin PBXFileReference section */
		A3FEBE2C1B48D7C4004AE3E1 /* RYFTopBarDemo.app */ = {isa = PBXFileReference; explicitFileType = wrapper.application; includeInIndex = 0; path = RYFTopBarDemo.app; sourceTree = BUILT_PRODUCTS_DIR; };
		A3FEBE301B48D7C4004AE3E1 /* Info.plist */ = {isa = PBXFileReference; lastKnownFileType = text.plist.xml; path = Info.plist; sourceTree = "<group>"; };
		A3FEBE311B48D7C4004AE3E1 /* main.m */ = {isa = PBXFileReference; lastKnownFileType = sourcecode.c.objc; path = main.m; sourceTree = "<group>"; };
		A3FEBE331B48D7C4004AE3E1 /* AppDelegate.h */ = {isa = PBXFileReference; lastKnownFileType = sourcecode.c.h; path = AppDelegate.h; sourceTree = "<group>"; };
		A3FEBE341B48D7C4004AE3E1 /* AppDelegate.m */ = {isa = PBXFileReference; lastKnownFileType = sourcecode.c.objc; path = AppDelegate.m; sourceTree = "<group>"; };
		A3FEBE361B48D7C4004AE3E1 /* ViewController.h */ = {isa = PBXFileReference; lastKnownFileType = sourcecode.c.h; path = ViewController.h; sourceTree = "<group>"; };
		A3FEBE371B48D7C4004AE3E1 /* ViewController.m */ = {isa = PBXFileReference; lastKnownFileType = sourcecode.c.objc; path = ViewController.m; sourceTree = "<group>"; };
		A3FEBE3A1B48D7C4004AE3E1 /* Base */ = {isa = PBXFileReference; lastKnownFileType = file.storyboard; name = Base; path = Base.lproj/Main.storyboard; sourceTree = "<group>"; };
		A3FEBE3C1B48D7C4004AE3E1 /* Images.xcassets */ = {isa = PBXFileReference; lastKnownFileType = folder.assetcatalog; path = Images.xcassets; sourceTree = "<group>"; };
		A3FEBE3F1B48D7C4004AE3E1 /* Base */ = {isa = PBXFileReference; lastKnownFileType = file.xib; name = Base; path = Base.lproj/LaunchScreen.xib; sourceTree = "<group>"; };
		A3FEBE451B48D7C4004AE3E1 /* RYFTopBarDemoTests.xctest */ = {isa = PBXFileReference; explicitFileType = wrapper.cfbundle; includeInIndex = 0; path = RYFTopBarDemoTests.xctest; sourceTree = BUILT_PRODUCTS_DIR; };
		A3FEBE4A1B48D7C4004AE3E1 /* Info.plist */ = {isa = PBXFileReference; lastKnownFileType = text.plist.xml; path = Info.plist; sourceTree = "<group>"; };
		A3FEBE4B1B48D7C4004AE3E1 /* RYFTopBarDemoTests.m */ = {isa = PBXFileReference; lastKnownFileType = sourcecode.c.objc; path = RYFTopBarDemoTests.m; sourceTree = "<group>"; };
		A3FEBE561B48D93C004AE3E1 /* RYFTopBar.h */ = {isa = PBXFileReference; fileEncoding = 4; lastKnownFileType = sourcecode.c.h; path = RYFTopBar.h; sourceTree = "<group>"; };
		A3FEBE571B48D93C004AE3E1 /* RYFTopBar.m */ = {isa = PBXFileReference; fileEncoding = 4; lastKnownFileType = sourcecode.c.objc; path = RYFTopBar.m; sourceTree = "<group>"; };
		A3FEBE5A1B48EA2A004AE3E1 /* FirstViewController.h */ = {isa = PBXFileReference; fileEncoding = 4; lastKnownFileType = sourcecode.c.h; path = FirstViewController.h; sourceTree = "<group>"; };
		A3FEBE5B1B48EA2A004AE3E1 /* FirstViewController.m */ = {isa = PBXFileReference; fileEncoding = 4; lastKnownFileType = sourcecode.c.objc; path = FirstViewController.m; sourceTree = "<group>"; };
		A3FEBE5D1B48EA48004AE3E1 /* SecondViewController.h */ = {isa = PBXFileReference; fileEncoding = 4; lastKnownFileType = sourcecode.c.h; path = SecondViewController.h; sourceTree = "<group>"; };
		A3FEBE5E1B48EA48004AE3E1 /* SecondViewController.m */ = {isa = PBXFileReference; fileEncoding = 4; lastKnownFileType = sourcecode.c.objc; path = SecondViewController.m; sourceTree = "<group>"; };
		A3FEBE601B48EA52004AE3E1 /* ThirdViewController.h */ = {isa = PBXFileReference; fileEncoding = 4; lastKnownFileType = sourcecode.c.h; path = ThirdViewController.h; sourceTree = "<group>"; };
		A3FEBE611B48EA52004AE3E1 /* ThirdViewController.m */ = {isa = PBXFileReference; fileEncoding = 4; lastKnownFileType = sourcecode.c.objc; path = ThirdViewController.m; sourceTree = "<group>"; };
		A3FEBE631B48EA61004AE3E1 /* FourthViewController.h */ = {isa = PBXFileReference; fileEncoding = 4; lastKnownFileType = sourcecode.c.h; path = FourthViewController.h; sourceTree = "<group>"; };
		A3FEBE641B48EA61004AE3E1 /* FourthViewController.m */ = {isa = PBXFileReference; fileEncoding = 4; lastKnownFileType = sourcecode.c.objc; path = FourthViewController.m; sourceTree = "<group>"; };
		A3FEBE661B48EA7C004AE3E1 /* FifthViewController.h */ = {isa = PBXFileReference; fileEncoding = 4; lastKnownFileType = sourcecode.c.h; path = FifthViewController.h; sourceTree = "<group>"; };
		A3FEBE671B48EA7C004AE3E1 /* FifthViewController.m */ = {isa = PBXFileReference; fileEncoding = 4; lastKnownFileType = sourcecode.c.objc; path = FifthViewController.m; sourceTree = "<group>"; };
		A3FEBE691B48EA86004AE3E1 /* SixViewController.h */ = {isa = PBXFileReference; fileEncoding = 4; lastKnownFileType = sourcecode.c.h; path = SixViewController.h; sourceTree = "<group>"; };
		A3FEBE6A1B48EA86004AE3E1 /* SixViewController.m */ = {isa = PBXFileReference; fileEncoding = 4; lastKnownFileType = sourcecode.c.objc; path = SixViewController.m; sourceTree = "<group>"; };
		A3FEBE6C1B48EA90004AE3E1 /* SevenViewController.h */ = {isa = PBXFileReference; fileEncoding = 4; lastKnownFileType = sourcecode.c.h; path = SevenViewController.h; sourceTree = "<group>"; };
		A3FEBE6D1B48EA90004AE3E1 /* SevenViewController.m */ = {isa = PBXFileReference; fileEncoding = 4; lastKnownFileType = sourcecode.c.objc; path = SevenViewController.m; sourceTree = "<group>"; };
/* End PBXFileReference section */

/* Begin PBXFrameworksBuildPhase section */
		A3FEBE291B48D7C4004AE3E1 /* Frameworks */ = {
			isa = PBXFrameworksBuildPhase;
			buildActionMask = 2147483647;
			files = (
			);
			runOnlyForDeploymentPostprocessing = 0;
		};
		A3FEBE421B48D7C4004AE3E1 /* Frameworks */ = {
			isa = PBXFrameworksBuildPhase;
			buildActionMask = 2147483647;
			files = (
			);
			runOnlyForDeploymentPostprocessing = 0;
		};
/* End PBXFrameworksBuildPhase section */

/* Begin PBXGroup section */
		A3FEBE231B48D7C4004AE3E1 = {
			isa = PBXGroup;
			children = (
				A3FEBE2E1B48D7C4004AE3E1 /* RYFTopBarDemo */,
				A3FEBE481B48D7C4004AE3E1 /* RYFTopBarDemoTests */,
				A3FEBE2D1B48D7C4004AE3E1 /* Products */,
			);
			sourceTree = "<group>";
		};
		A3FEBE2D1B48D7C4004AE3E1 /* Products */ = {
			isa = PBXGroup;
			children = (
				A3FEBE2C1B48D7C4004AE3E1 /* RYFTopBarDemo.app */,
				A3FEBE451B48D7C4004AE3E1 /* RYFTopBarDemoTests.xctest */,
			);
			name = Products;
			sourceTree = "<group>";
		};
		A3FEBE2E1B48D7C4004AE3E1 /* RYFTopBarDemo */ = {
			isa = PBXGroup;
			children = (
				A3FEBE591B48E193004AE3E1 /* ViewController */,
				A3FEBE551B48D842004AE3E1 /* RYFTopBar */,
				A3FEBE331B48D7C4004AE3E1 /* AppDelegate.h */,
				A3FEBE341B48D7C4004AE3E1 /* AppDelegate.m */,
				A3FEBE361B48D7C4004AE3E1 /* ViewController.h */,
				A3FEBE371B48D7C4004AE3E1 /* ViewController.m */,
				A3FEBE391B48D7C4004AE3E1 /* Main.storyboard */,
				A3FEBE3C1B48D7C4004AE3E1 /* Images.xcassets */,
				A3FEBE3E1B48D7C4004AE3E1 /* LaunchScreen.xib */,
				A3FEBE2F1B48D7C4004AE3E1 /* Supporting Files */,
				A3FEBE5A1B48EA2A004AE3E1 /* FirstViewController.h */,
				A3FEBE5B1B48EA2A004AE3E1 /* FirstViewController.m */,
				A3FEBE5D1B48EA48004AE3E1 /* SecondViewController.h */,
				A3FEBE5E1B48EA48004AE3E1 /* SecondViewController.m */,
				A3FEBE601B48EA52004AE3E1 /* ThirdViewController.h */,
				A3FEBE611B48EA52004AE3E1 /* ThirdViewController.m */,
				A3FEBE661B48EA7C004AE3E1 /* FifthViewController.h */,
				A3FEBE671B48EA7C004AE3E1 /* FifthViewController.m */,
				A3FEBE691B48EA86004AE3E1 /* SixViewController.h */,
				A3FEBE6A1B48EA86004AE3E1 /* SixViewController.m */,
				A3FEBE6C1B48EA90004AE3E1 /* SevenViewController.h */,
				A3FEBE6D1B48EA90004AE3E1 /* SevenViewController.m */,
				A3FEBE631B48EA61004AE3E1 /* FourthViewController.h */,
				A3FEBE641B48EA61004AE3E1 /* FourthViewController.m */,
			);
			path = RYFTopBarDemo;
			sourceTree = "<group>";
		};
		A3FEBE2F1B48D7C4004AE3E1 /* Supporting Files */ = {
			isa = PBXGroup;
			children = (
				A3FEBE301B48D7C4004AE3E1 /* Info.plist */,
				A3FEBE311B48D7C4004AE3E1 /* main.m */,
			);
			name = "Supporting Files";
			sourceTree = "<group>";
		};
		A3FEBE481B48D7C4004AE3E1 /* RYFTopBarDemoTests */ = {
			isa = PBXGroup;
			children = (
				A3FEBE4B1B48D7C4004AE3E1 /* RYFTopBarDemoTests.m */,
				A3FEBE491B48D7C4004AE3E1 /* Supporting Files */,
			);
			path = RYFTopBarDemoTests;
			sourceTree = "<group>";
		};
		A3FEBE491B48D7C4004AE3E1 /* Supporting Files */ = {
			isa = PBXGroup;
			children = (
				A3FEBE4A1B48D7C4004AE3E1 /* Info.plist */,
			);
			name = "Supporting Files";
			sourceTree = "<group>";
		};
		A3FEBE551B48D842004AE3E1 /* RYFTopBar */ = {
			isa = PBXGroup;
			children = (
				A3FEBE561B48D93C004AE3E1 /* RYFTopBar.h */,
				A3FEBE571B48D93C004AE3E1 /* RYFTopBar.m */,
			);
			name = RYFTopBar;
			sourceTree = "<group>";
		};
		A3FEBE591B48E193004AE3E1 /* ViewController */ = {
			isa = PBXGroup;
			children = (
			);
			name = ViewController;
			sourceTree = "<group>";
		};
/* End PBXGroup section */

/* Begin PBXNativeTarget section */
		A3FEBE2B1B48D7C4004AE3E1 /* RYFTopBarDemo */ = {
			isa = PBXNativeTarget;
			buildConfigurationList = A3FEBE4F1B48D7C4004AE3E1 /* Build configuration list for PBXNativeTarget "RYFTopBarDemo" */;
			buildPhases = (
				A3FEBE281B48D7C4004AE3E1 /* Sources */,
				A3FEBE291B48D7C4004AE3E1 /* Frameworks */,
				A3FEBE2A1B48D7C4004AE3E1 /* Resources */,
			);
			buildRules = (
			);
			dependencies = (
			);
			name = RYFTopBarDemo;
			productName = RYFTopBarDemo;
			productReference = A3FEBE2C1B48D7C4004AE3E1 /* RYFTopBarDemo.app */;
			productType = "com.apple.product-type.application";
		};
		A3FEBE441B48D7C4004AE3E1 /* RYFTopBarDemoTests */ = {
			isa = PBXNativeTarget;
			buildConfigurationList = A3FEBE521B48D7C4004AE3E1 /* Build configuration list for PBXNativeTarget "RYFTopBarDemoTests" */;
			buildPhases = (
				A3FEBE411B48D7C4004AE3E1 /* Sources */,
				A3FEBE421B48D7C4004AE3E1 /* Frameworks */,
				A3FEBE431B48D7C4004AE3E1 /* Resources */,
			);
			buildRules = (
			);
			dependencies = (
				A3FEBE471B48D7C4004AE3E1 /* PBXTargetDependency */,
			);
			name = RYFTopBarDemoTests;
			productName = RYFTopBarDemoTests;
			productReference = A3FEBE451B48D7C4004AE3E1 /* RYFTopBarDemoTests.xctest */;
			productType = "com.apple.product-type.bundle.unit-test";
		};
/* End PBXNativeTarget section */

/* Begin PBXProject section */
		A3FEBE241B48D7C4004AE3E1 /* Project object */ = {
			isa = PBXProject;
			attributes = {
				LastUpgradeCheck = 0630;
				ORGANIZATIONNAME = renyufei;
				TargetAttributes = {
					A3FEBE2B1B48D7C4004AE3E1 = {
						CreatedOnToolsVersion = 6.3.1;
						DevelopmentTeam = 779273TU25;
					};
					A3FEBE441B48D7C4004AE3E1 = {
						CreatedOnToolsVersion = 6.3.1;
						TestTargetID = A3FEBE2B1B48D7C4004AE3E1;
					};
				};
			};
			buildConfigurationList = A3FEBE271B48D7C4004AE3E1 /* Build configuration list for PBXProject "RYFTopBarDemo" */;
			compatibilityVersion = "Xcode 3.2";
			developmentRegion = English;
			hasScannedForEncodings = 0;
			knownRegions = (
				en,
				Base,
			);
			mainGroup = A3FEBE231B48D7C4004AE3E1;
			productRefGroup = A3FEBE2D1B48D7C4004AE3E1 /* Products */;
			projectDirPath = "";
			projectRoot = "";
			targets = (
				A3FEBE2B1B48D7C4004AE3E1 /* RYFTopBarDemo */,
				A3FEBE441B48D7C4004AE3E1 /* RYFTopBarDemoTests */,
			);
		};
/* End PBXProject section */

/* Begin PBXResourcesBuildPhase section */
		A3FEBE2A1B48D7C4004AE3E1 /* Resources */ = {
			isa = PBXResourcesBuildPhase;
			buildActionMask = 2147483647;
			files = (
				A3FEBE3B1B48D7C4004AE3E1 /* Main.storyboard in Resources */,
				A3FEBE401B48D7C4004AE3E1 /* LaunchScreen.xib in Resources */,
				A3FEBE3D1B48D7C4004AE3E1 /* Images.xcassets in Resources */,
			);
			runOnlyForDeploymentPostprocessing = 0;
		};
		A3FEBE431B48D7C4004AE3E1 /* Resources */ = {
			isa = PBXResourcesBuildPhase;
			buildActionMask = 2147483647;
			files = (
			);
			runOnlyForDeploymentPostprocessing = 0;
		};
/* End PBXResourcesBuildPhase section */

/* Begin PBXSourcesBuildPhase section */
		A3FEBE281B48D7C4004AE3E1 /* Sources */ = {
			isa = PBXSourcesBuildPhase;
			buildActionMask = 2147483647;
			files = (
				A3FEBE681B48EA7C004AE3E1 /* FifthViewController.m in Sources */,
				A3FEBE651B48EA61004AE3E1 /* FourthViewController.m in Sources */,
				A3FEBE5F1B48EA48004AE3E1 /* SecondViewController.m in Sources */,
				A3FEBE6E1B48EA90004AE3E1 /* SevenViewController.m in Sources */,
				A3FEBE381B48D7C4004AE3E1 /* ViewController.m in Sources */,
				A3FEBE351B48D7C4004AE3E1 /* AppDelegate.m in Sources */,
				A3FEBE5C1B48EA2A004AE3E1 /* FirstViewController.m in Sources */,
				A3FEBE321B48D7C4004AE3E1 /* main.m in Sources */,
				A3FEBE581B48D93C004AE3E1 /* RYFTopBar.m in Sources */,
				A3FEBE621B48EA52004AE3E1 /* ThirdViewController.m in Sources */,
				A3FEBE6B1B48EA86004AE3E1 /* SixViewController.m in Sources */,
			);
			runOnlyForDeploymentPostprocessing = 0;
		};
		A3FEBE411B48D7C4004AE3E1 /* Sources */ = {
			isa = PBXSourcesBuildPhase;
			buildActionMask = 2147483647;
			files = (
				A3FEBE4C1B48D7C4004AE3E1 /* RYFTopBarDemoTests.m in Sources */,
			);
			runOnlyForDeploymentPostprocessing = 0;
		};
/* End PBXSourcesBuildPhase section */

/* Begin PBXTargetDependency section */
		A3FEBE471B48D7C4004AE3E1 /* PBXTargetDependency */ = {
			isa = PBXTargetDependency;
			target = A3FEBE2B1B48D7C4004AE3E1 /* RYFTopBarDemo */;
			targetProxy = A3FEBE461B48D7C4004AE3E1 /* PBXContainerItemProxy */;
		};
/* End PBXTargetDependency section */

/* Begin PBXVariantGroup section */
		A3FEBE391B48D7C4004AE3E1 /* Main.storyboard */ = {
			isa = PBXVariantGroup;
			children = (
				A3FEBE3A1B48D7C4004AE3E1 /* Base */,
			);
			name = Main.storyboard;
			sourceTree = "<group>";
		};
		A3FEBE3E1B48D7C4004AE3E1 /* LaunchScreen.xib */ = {
			isa = PBXVariantGroup;
			children = (
				A3FEBE3F1B48D7C4004AE3E1 /* Base */,
			);
			name = LaunchScreen.xib;
			sourceTree = "<group>";
		};
/* End PBXVariantGroup section */

/* Begin XCBuildConfiguration section */
		A3FEBE4D1B48D7C4004AE3E1 /* Debug */ = {
			isa = XCBuildConfiguration;
			buildSettings = {
				ALWAYS_SEARCH_USER_PATHS = NO;
				CLANG_CXX_LANGUAGE_STANDARD = "gnu++0x";
				CLANG_CXX_LIBRARY = "libc++";
				CLANG_ENABLE_MODULES = YES;
				CLANG_ENABLE_OBJC_ARC = YES;
				CLANG_WARN_BOOL_CONVERSION = YES;
				CLANG_WARN_CONSTANT_CONVERSION = YES;
				CLANG_WARN_DIRECT_OBJC_ISA_USAGE = YES_ERROR;
				CLANG_WARN_EMPTY_BODY = YES;
				CLANG_WARN_ENUM_CONVERSION = YES;
				CLANG_WARN_INT_CONVERSION = YES;
				CLANG_WARN_OBJC_ROOT_CLASS = YES_ERROR;
				CLANG_WARN_UNREACHABLE_CODE = YES;
				CLANG_WARN__DUPLICATE_METHOD_MATCH = YES;
				"CODE_SIGN_IDENTITY[sdk=iphoneos*]" = "iPhone Developer";
				COPY_PHASE_STRIP = NO;
				DEBUG_INFORMATION_FORMAT = "dwarf-with-dsym";
				ENABLE_STRICT_OBJC_MSGSEND = YES;
				GCC_C_LANGUAGE_STANDARD = gnu99;
				GCC_DYNAMIC_NO_PIC = NO;
				GCC_NO_COMMON_BLOCKS = YES;
				GCC_OPTIMIZATION_LEVEL = 0;
				GCC_PREPROCESSOR_DEFINITIONS = (
					"DEBUG=1",
					"$(inherited)",
				);
				GCC_SYMBOLS_PRIVATE_EXTERN = NO;
				GCC_WARN_64_TO_32_BIT_CONVERSION = YES;
				GCC_WARN_ABOUT_RETURN_TYPE = YES_ERROR;
				GCC_WARN_UNDECLARED_SELECTOR = YES;
				GCC_WARN_UNINITIALIZED_AUTOS = YES_AGGRESSIVE;
				GCC_WARN_UNUSED_FUNCTION = YES;
				GCC_WARN_UNUSED_VARIABLE = YES;
				IPHONEOS_DEPLOYMENT_TARGET = 8.3;
				MTL_ENABLE_DEBUG_INFO = YES;
				ONLY_ACTIVE_ARCH = YES;
				SDKROOT = iphoneos;
			};
			name = Debug;
		};
		A3FEBE4E1B48D7C4004AE3E1 /* Release */ = {
			isa = XCBuildConfiguration;
			buildSettings = {
				ALWAYS_SEARCH_USER_PATHS = NO;
				CLANG_CXX_LANGUAGE_STANDARD = "gnu++0x";
				CLANG_CXX_LIBRARY = "libc++";
				CLANG_ENABLE_MODULES = YES;
				CLANG_ENABLE_OBJC_ARC = YES;
				CLANG_WARN_BOOL_CONVERSION = YES;
				CLANG_WARN_CONSTANT_CONVERSION = YES;
				CLANG_WARN_DIRECT_OBJC_ISA_USAGE = YES_ERROR;
				CLANG_WARN_EMPTY_BODY = YES;
				CLANG_WARN_ENUM_CONVERSION = YES;
				CLANG_WARN_INT_CONVERSION = YES;
				CLANG_WARN_OBJC_ROOT_CLASS = YES_ERROR;
				CLANG_WARN_UNREACHABLE_CODE = YES;
				CLANG_WARN__DUPLICATE_METHOD_MATCH = YES;
				"CODE_SIGN_IDENTITY[sdk=iphoneos*]" = "iPhone Developer";
				COPY_PHASE_STRIP = NO;
				DEBUG_INFORMATION_FORMAT = "dwarf-with-dsym";
				ENABLE_NS_ASSERTIONS = NO;
				ENABLE_STRICT_OBJC_MSGSEND = YES;
				GCC_C_LANGUAGE_STANDARD = gnu99;
				GCC_NO_COMMON_BLOCKS = YES;
				GCC_WARN_64_TO_32_BIT_CONVERSION = YES;
				GCC_WARN_ABOUT_RETURN_TYPE = YES_ERROR;
				GCC_WARN_UNDECLARED_SELECTOR = YES;
				GCC_WARN_UNINITIALIZED_AUTOS = YES_AGGRESSIVE;
				GCC_WARN_UNUSED_FUNCTION = YES;
				GCC_WARN_UNUSED_VARIABLE = YES;
				IPHONEOS_DEPLOYMENT_TARGET = 8.3;
				MTL_ENABLE_DEBUG_INFO = NO;
				SDKROOT = iphoneos;
				VALIDATE_PRODUCT = YES;
			};
			name = Release;
		};
		A3FEBE501B48D7C4004AE3E1 /* Debug */ = {
			isa = XCBuildConfiguration;
			buildSettings = {
				ASSETCATALOG_COMPILER_APPICON_NAME = AppIcon;
				CODE_SIGN_IDENTITY = "iPhone Developer";
				INFOPLIST_FILE = RYFTopBarDemo/Info.plist;
				LD_RUNPATH_SEARCH_PATHS = "$(inherited) @executable_path/Frameworks";
				PRODUCT_NAME = "$(TARGET_NAME)";
			};
			name = Debug;
		};
		A3FEBE511B48D7C4004AE3E1 /* Release */ = {
			isa = XCBuildConfiguration;
			buildSettings = {
				ASSETCATALOG_COMPILER_APPICON_NAME = AppIcon;
				CODE_SIGN_IDENTITY = "iPhone Developer";
				INFOPLIST_FILE = RYFTopBarDemo/Info.plist;
				LD_RUNPATH_SEARCH_PATHS = "$(inherited) @executable_path/Frameworks";
				PRODUCT_NAME = "$(TARGET_NAME)";
			};
			name = Release;
		};
		A3FEBE531B48D7C4004AE3E1 /* Debug */ = {
			isa = XCBuildConfiguration;
			buildSettings = {
				BUNDLE_LOADER = "$(TEST_HOST)";
				FRAMEWORK_SEARCH_PATHS = (
					"$(SDKROOT)/Developer/Library/Frameworks",
					"$(inherited)",
				);
				GCC_PREPROCESSOR_DEFINITIONS = (
					"DEBUG=1",
					"$(inherited)",
				);
				INFOPLIST_FILE = RYFTopBarDemoTests/Info.plist;
				LD_RUNPATH_SEARCH_PATHS = "$(inherited) @executable_path/Frameworks @loader_path/Frameworks";
				PRODUCT_NAME = "$(TARGET_NAME)";
				TEST_HOST = "$(BUILT_PRODUCTS_DIR)/RYFTopBarDemo.app/RYFTopBarDemo";
			};
			name = Debug;
		};
		A3FEBE541B48D7C4004AE3E1 /* Release */ = {
			isa = XCBuildConfiguration;
			buildSettings = {
				BUNDLE_LOADER = "$(TEST_HOST)";
				FRAMEWORK_SEARCH_PATHS = (
					"$(SDKROOT)/Developer/Library/Frameworks",
					"$(inherited)",
				);
				INFOPLIST_FILE = RYFTopBarDemoTests/Info.plist;
				LD_RUNPATH_SEARCH_PATHS = "$(inherited) @executable_path/Frameworks @loader_path/Frameworks";
				PRODUCT_NAME = "$(TARGET_NAME)";
				TEST_HOST = "$(BUILT_PRODUCTS_DIR)/RYFTopBarDemo.app/RYFTopBarDemo";
			};
			name = Release;
		};
/* End XCBuildConfiguration section */

/* Begin XCConfigurationList section */
		A3FEBE271B48D7C4004AE3E1 /* Build configuration list for PBXProject "RYFTopBarDemo" */ = {
			isa = XCConfigurationList;
			buildConfigurations = (
				A3FEBE4D1B48D7C4004AE3E1 /* Debug */,
				A3FEBE4E1B48D7C4004AE3E1 /* Release */,
			);
			defaultConfigurationIsVisible = 0;
			defaultConfigurationName = Release;
		};
		A3FEBE4F1B48D7C4004AE3E1 /* Build configuration list for PBXNativeTarget "RYFTopBarDemo" */ = {
			isa = XCConfigurationList;
			buildConfigurations = (
				A3FEBE501B48D7C4004AE3E1 /* Debug */,
				A3FEBE511B48D7C4004AE3E1 /* Release */,
			);
			defaultConfigurationIsVisible = 0;
			defaultConfigurationName = Release;
		};
		A3FEBE521B48D7C4004AE3E1 /* Build configuration list for PBXNativeTarget "RYFTopBarDemoTests" */ = {
			isa = XCConfigurationList;
			buildConfigurations = (
				A3FEBE531B48D7C4004AE3E1 /* Debug */,
				A3FEBE541B48D7C4004AE3E1 /* Release */,
			);
			defaultConfigurationIsVisible = 0;
			defaultConfigurationName = Release;
		};
/* End XCConfigurationList section */
	};
	rootObject = A3FEBE241B48D7C4004AE3E1 /* Project object */;
}
